
Microsoft Visual Studio Solution File, Format Version 12.00
# Visual Studio 14
VisualStudioVersion = 14.0.23107.0
MinimumVisualStudioVersion = 10.0.40219.1
Project("{FAE04EC0-301F-11D3-BF4B-00C04F79EFBC}") = "KahveNotum.WebApp", "KahveNotum.WebApp\KahveNotum.WebApp.csproj", "{1ABFA29F-FB60-432F-9E1E-5080FF49D2F5}"
EndProject
Project("{FAE04EC0-301F-11D3-BF4B-00C04F79EFBC}") = "KahveNotum.DataAccessLayer", "KahveNotum.DataAccessLayer\KahveNotum.DataAccessLayer.csproj", "{1DC4C13B-63F6-40D3-B05F-DAD370935CFD}"
EndProject
Project("{FAE04EC0-301F-11D3-BF4B-00C04F79EFBC}") = "KahveNotum.BusinessLayer", "KahveNotum.BusinessLayer\KahveNotum.BusinessLayer.csproj", "{4AA273FE-4895-4886-A664-EC1544B6D428}"
EndProject
Project("{FAE04EC0-301F-11D3-BF4B-00C04F79EFBC}") = "KahveNotum.Entities", "KahveNotum.Entities\KahveNotum.Entities.csproj", "{ACA57A54-E47D-40C8-B7C9-B7B4162D0F47}"
EndProject
Project("{FAE04EC0-301F-11D3-BF4B-00C04F79EFBC}") = "KahveNotum.Common", "KahveNotum.Common\KahveNotum.Common.csproj", "{9F3E50B8-FE0A-45E8-A978-EA7BABBD3176}"
EndProject
Project("{FAE04EC0-301F-11D3-BF4B-00C04F79EFBC}") = "KahveNotum.Core", "KahveNotum.Core\KahveNotum.Core.csproj", "{A18DF447-CDEA-435E-B167-7FEE6245F892}"
EndProject
Global
	GlobalSection(SolutionConfigurationPlatforms) = preSolution
		Debug|Any CPU = Debug|Any CPU
		Debug|ARM = Debug|ARM
		Debug|ARM64 = Debug|ARM64
		Debug|x64 = Debug|x64
		Debug|x86 = Debug|x86
		Release|Any CPU = Release|Any CPU
		Release|ARM = Release|ARM
		Release|ARM64 = Release|ARM64
		Release|x64 = Release|x64
		Release|x86 = Release|x86
	EndGlobalSection
	GlobalSection(ProjectConfigurationPlatforms) = postSolution
		{1ABFA29F-FB60-432F-9E1E-5080FF49D2F5}.Debug|Any CPU.ActiveCfg = Debug|Any CPU
		{1ABFA29F-FB60-432F-9E1E-5080FF49D2F5}.Debug|Any CPU.Build.0 = Debug|Any CPU
		{1ABFA29F-FB60-432F-9E1E-5080FF49D2F5}.Debug|ARM.ActiveCfg = Debug|Any CPU
		{1ABFA29F-FB60-432F-9E1E-5080FF49D2F5}.Debug|ARM.Build.0 = Debug|Any CPU
		{1ABFA29F-FB60-432F-9E1E-5080FF49D2F5}.Debug|ARM64.ActiveCfg = Debug|Any CPU
		{1ABFA29F-FB60-432F-9E1E-5080FF49D2F5}.Debug|ARM64.Build.0 = Debug|Any CPU
		{1ABFA29F-FB60-432F-9E1E-5080FF49D2F5}.Debug|x64.ActiveCfg = Debug|Any CPU
		{1ABFA29F-FB60-432F-9E1E-5080FF49D2F5}.Debug|x64.Build.0 = Debug|Any CPU
		{1ABFA29F-FB60-432F-9E1E-5080FF49D2F5}.Debug|x86.ActiveCfg = Debug|Any CPU
		{1ABFA29F-FB60-432F-9E1E-5080FF49D2F5}.Debug|x86.Build.0 = Debug|Any CPU
		{1ABFA29F-FB60-432F-9E1E-5080FF49D2F5}.Release|Any CPU.ActiveCfg = Release|Any CPU
		{1ABFA29F-FB60-432F-9E1E-5080FF49D2F5}.Release|Any CPU.Build.0 = Release|Any CPU
		{1ABFA29F-FB60-432F-9E1E-5080FF49D2F5}.Release|ARM.ActiveCfg = Release|Any CPU
		{1ABFA29F-FB60-432F-9E1E-5080FF49D2F5}.Release|ARM.Build.0 = Release|Any CPU
		{1ABFA29F-FB60-432F-9E1E-5080FF49D2F5}.Release|ARM64.ActiveCfg = Release|Any CPU
		{1ABFA29F-FB60-432F-9E1E-5080FF49D2F5}.Release|ARM64.Build.0 = Release|Any CPU
		{1ABFA29F-FB60-432F-9E1E-5080FF49D2F5}.Release|x64.ActiveCfg = Release|Any CPU
		{1ABFA29F-FB60-432F-9E1E-5080FF49D2F5}.Release|x64.Build.0 = Release|Any CPU
		{1ABFA29F-FB60-432F-9E1E-5080FF49D2F5}.Release|x86.ActiveCfg = Release|Any CPU
		{1ABFA29F-FB60-432F-9E1E-5080FF49D2F5}.Release|x86.Build.0 = Release|Any CPU
		{1DC4C13B-63F6-40D3-B05F-DAD370935CFD}.Debug|Any CPU.ActiveCfg = Debug|Any CPU
		{1DC4C13B-63F6-40D3-B05F-DAD370935CFD}.Debug|Any CPU.Build.0 = Debug|Any CPU
		{1DC4C13B-63F6-40D3-B05F-DAD370935CFD}.Debug|ARM.ActiveCfg = Debug|Any CPU
		{1DC4C13B-63F6-40D3-B05F-DAD370935CFD}.Debug|ARM.Build.0 = Debug|Any CPU
		{1DC4C13B-63F6-40D3-B05F-DAD370935CFD}.Debug|ARM64.ActiveCfg = Debug|Any CPU
		{1DC4C13B-63F6-40D3-B05F-DAD370935CFD}.Debug|ARM64.Build.0 = Debug|Any CPU
		{1DC4C13B-63F6-40D3-B05F-DAD370935CFD}.Debug|x64.ActiveCfg = Debug|Any CPU
		{1DC4C13B-63F6-40D3-B05F-DAD370935CFD}.Debug|x64.Build.0 = Debug|Any CPU
		{1DC4C13B-63F6-40D3-B05F-DAD370935CFD}.Debug|x86.ActiveCfg = Debug|Any CPU
		{1DC4C13B-63F6-40D3-B05F-DAD370935CFD}.Debug|x86.Build.0 = Debug|Any CPU
		{1DC4C13B-63F6-40D3-B05F-DAD370935CFD}.Release|Any CPU.ActiveCfg = Release|Any CPU
		{1DC4C13B-63F6-40D3-B05F-DAD370935CFD}.Release|Any CPU.Build.0 = Release|Any CPU
		{1DC4C13B-63F6-40D3-B05F-DAD370935CFD}.Release|ARM.ActiveCfg = Release|Any CPU
		{1DC4C13B-63F6-40D3-B05F-DAD370935CFD}.Release|ARM.Build.0 = Release|Any CPU
		{1DC4C13B-63F6-40D3-B05F-DAD370935CFD}.Release|ARM64.ActiveCfg = Release|Any CPU
		{1DC4C13B-63F6-40D3-B05F-DAD370935CFD}.Release|ARM64.Build.0 = Release|Any CPU
		{1DC4C13B-63F6-40D3-B05F-DAD370935CFD}.Release|x64.ActiveCfg = Release|Any CPU
		{1DC4C13B-63F6-40D3-B05F-DAD370935CFD}.Release|x64.Build.0 = Release|Any CPU
		{1DC4C13B-63F6-40D3-B05F-DAD370935CFD}.Release|x86.ActiveCfg = Release|Any CPU
		{1DC4C13B-63F6-40D3-B05F-DAD370935CFD}.Release|x86.Build.0 = Release|Any CPU
		{4AA273FE-4895-4886-A664-EC1544B6D428}.Debug|Any CPU.ActiveCfg = Debug|Any CPU
		{4AA273FE-4895-4886-A664-EC1544B6D428}.Debug|Any CPU.Build.0 = Debug|Any CPU
		{4AA273FE-4895-4886-A664-EC1544B6D428}.Debug|ARM.ActiveCfg = Debug|Any CPU
		{4AA273FE-4895-4886-A664-EC1544B6D428}.Debug|ARM.Build.0 = Debug|Any CPU
		{4AA273FE-4895-4886-A664-EC1544B6D428}.Debug|ARM64.ActiveCfg = Debug|Any CPU
		{4AA273FE-4895-4886-A664-EC1544B6D428}.Debug|ARM64.Build.0 = Debug|Any CPU
		{4AA273FE-4895-4886-A664-EC1544B6D428}.Debug|x64.ActiveCfg = Debug|Any CPU
		{4AA273FE-4895-4886-A664-EC1544B6D428}.Debug|x64.Build.0 = Debug|Any CPU
		{4AA273FE-4895-4886-A664-EC1544B6D428}.Debug|x86.ActiveCfg = Debug|Any CPU
		{4AA273FE-4895-4886-A664-EC1544B6D428}.Debug|x86.Build.0 = Debug|Any CPU
		{4AA273FE-4895-4886-A664-EC1544B6D428}.Release|Any CPU.ActiveCfg = Release|Any CPU
		{4AA273FE-4895-4886-A664-EC1544B6D428}.Release|Any CPU.Build.0 = Release|Any CPU
		{4AA273FE-4895-4886-A664-EC1544B6D428}.Release|ARM.ActiveCfg = Release|Any CPU
		{4AA273FE-4895-4886-A664-EC1544B6D428}.Release|ARM.Build.0 = Release|Any CPU
		{4AA273FE-4895-4886-A664-EC1544B6D428}.Release|ARM64.ActiveCfg = Release|Any CPU
		{4AA273FE-4895-4886-A664-EC1544B6D428}.Release|ARM64.Build.0 = Release|Any CPU
		{4AA273FE-4895-4886-A664-EC1544B6D428}.Release|x64.ActiveCfg = Release|Any CPU
		{4AA273FE-4895-4886-A664-EC1544B6D428}.Release|x64.Build.0 = Release|Any CPU
		{4AA273FE-4895-4886-A664-EC1544B6D428}.Release|x86.ActiveCfg = Release|Any CPU
		{4AA273FE-4895-4886-A664-EC1544B6D428}.Release|x86.Build.0 = Release|Any CPU
		{ACA57A54-E47D-40C8-B7C9-B7B4162D0F47}.Debug|Any CPU.ActiveCfg = Debug|Any CPU
		{ACA57A54-E47D-40C8-B7C9-B7B4162D0F47}.Debug|Any CPU.Build.0 = Debug|Any CPU
		{ACA57A54-E47D-40C8-B7C9-B7B4162D0F47}.Debug|ARM.ActiveCfg = Debug|Any CPU
		{ACA57A54-E47D-40C8-B7C9-B7B4162D0F47}.Debug|ARM.Build.0 = Debug|Any CPU
		{ACA57A54-E47D-40C8-B7C9-B7B4162D0F47}.Debug|ARM64.ActiveCfg = Debug|Any CPU
		{ACA57A54-E47D-40C8-B7C9-B7B4162D0F47}.Debug|ARM64.Build.0 = Debug|Any CPU
		{ACA57A54-E47D-40C8-B7C9-B7B4162D0F47}.Debug|x64.ActiveCfg = Debug|Any CPU
		{ACA57A54-E47D-40C8-B7C9-B7B4162D0F47}.Debug|x64.Build.0 = Debug|Any CPU
		{ACA57A54-E47D-40C8-B7C9-B7B4162D0F47}.Debug|x86.ActiveCfg = Debug|Any CPU
		{ACA57A54-E47D-40C8-B7C9-B7B4162D0F47}.Debug|x86.Build.0 = Debug|Any CPU
		{ACA57A54-E47D-40C8-B7C9-B7B4162D0F47}.Release|Any CPU.ActiveCfg = Release|Any CPU
		{ACA57A54-E47D-40C8-B7C9-B7B4162D0F47}.Release|Any CPU.Build.0 = Release|Any CPU
		{ACA57A54-E47D-40C8-B7C9-B7B4162D0F47}.Release|ARM.ActiveCfg = Release|Any CPU
		{ACA57A54-E47D-40C8-B7C9-B7B4162D0F47}.Release|ARM.Build.0 = Release|Any CPU
		{ACA57A54-E47D-40C8-B7C9-B7B4162D0F47}.Release|ARM64.ActiveCfg = Release|Any CPU
		{ACA57A54-E47D-40C8-B7C9-B7B4162D0F47}.Release|ARM64.Build.0 = Release|Any CPU
		{ACA57A54-E47D-40C8-B7C9-B7B4162D0F47}.Release|x64.ActiveCfg = Release|Any CPU
		{ACA57A54-E47D-40C8-B7C9-B7B4162D0F47}.Release|x64.Build.0 = Release|Any CPU
		{ACA57A54-E47D-40C8-B7C9-B7B4162D0F47}.Release|x86.ActiveCfg = Release|Any CPU
		{ACA57A54-E47D-40C8-B7C9-B7B4162D0F47}.Release|x86.Build.0 = Release|Any CPU
		{9F3E50B8-FE0A-45E8-A978-EA7BABBD3176}.Debug|Any CPU.ActiveCfg = Debug|Any CPU
		{9F3E50B8-FE0A-45E8-A978-EA7BABBD3176}.Debug|Any CPU.Build.0 = Debug|Any CPU
		{9F3E50B8-FE0A-45E8-A978-EA7BABBD3176}.Debug|ARM.ActiveCfg = Debug|Any CPU
		{9F3E50B8-FE0A-45E8-A978-EA7BABBD3176}.Debug|ARM.Build.0 = Debug|Any CPU
		{9F3E50B8-FE0A-45E8-A978-EA7BABBD3176}.Debug|ARM64.ActiveCfg = Debug|Any CPU
		{9F3E50B8-FE0A-45E8-A978-EA7BABBD3176}.Debug|ARM64.Build.0 = Debug|Any CPU
		{9F3E50B8-FE0A-45E8-A978-EA7BABBD3176}.Debug|x64.ActiveCfg = Debug|Any CPU
		{9F3E50B8-FE0A-45E8-A978-EA7BABBD3176}.Debug|x64.Build.0 = Debug|Any CPU
		{9F3E50B8-FE0A-45E8-A978-EA7BABBD3176}.Debug|x86.ActiveCfg = Debug|Any CPU
		{9F3E50B8-FE0A-45E8-A978-EA7BABBD3176}.Debug|x86.Build.0 = Debug|Any CPU
		{9F3E50B8-FE0A-45E8-A978-EA7BABBD3176}.Release|Any CPU.ActiveCfg = Release|Any CPU
		{9F3E50B8-FE0A-45E8-A978-EA7BABBD3176}.Release|Any CPU.Build.0 = Release|Any CPU
		{9F3E50B8-FE0A-45E8-A978-EA7BABBD3176}.Release|ARM.ActiveCfg = Release|Any CPU
		{9F3E50B8-FE0A-45E8-A978-EA7BABBD3176}.Release|ARM.Build.0 = Release|Any CPU
		{9F3E50B8-FE0A-45E8-A978-EA7BABBD3176}.Release|ARM64.ActiveCfg = Release|Any CPU
		{9F3E50B8-FE0A-45E8-A978-EA7BABBD3176}.Release|ARM64.Build.0 = Release|Any CPU
		{9F3E50B8-FE0A-45E8-A978-EA7BABBD3176}.Release|x64.ActiveCfg = Release|Any CPU
		{9F3E50B8-FE0A-45E8-A978-EA7BABBD3176}.Release|x64.Build.0 = Release|Any CPU
		{9F3E50B8-FE0A-45E8-A978-EA7BABBD3176}.Release|x86.ActiveCfg = Release|Any CPU
		{9F3E50B8-FE0A-45E8-A978-EA7BABBD3176}.Release|x86.Build.0 = Release|Any CPU
		{A18DF447-CDEA-435E-B167-7FEE6245F892}.Debug|Any CPU.ActiveCfg = Debug|Any CPU
		{A18DF447-CDEA-435E-B167-7FEE6245F892}.Debug|Any CPU.Build.0 = Debug|Any CPU
		{A18DF447-CDEA-435E-B167-7FEE6245F892}.Debug|ARM.ActiveCfg = Debug|Any CPU
		{A18DF447-CDEA-435E-B167-7FEE6245F892}.Debug|ARM.Build.0 = Debug|Any CPU
		{A18DF447-CDEA-435E-B167-7FEE6245F892}.Debug|ARM64.ActiveCfg = Debug|Any CPU
		{A18DF447-CDEA-435E-B167-7FEE6245F892}.Debug|ARM64.Build.0 = Debug|Any CPU
		{A18DF447-CDEA-435E-B167-7FEE6245F892}.Debug|x64.ActiveCfg = Debug|Any CPU
		{A18DF447-CDEA-435E-B167-7FEE6245F892}.Debug|x64.Build.0 = Debug|Any CPU
		{A18DF447-CDEA-435E-B167-7FEE6245F892}.Debug|x86.ActiveCfg = Debug|Any CPU
		{A18DF447-CDEA-435E-B167-7FEE6245F892}.Debug|x86.Build.0 = Debug|Any CPU
		{A18DF447-CDEA-435E-B167-7FEE6245F892}.Release|Any CPU.ActiveCfg = Release|Any CPU
		{A18DF447-CDEA-435E-B167-7FEE6245F892}.Release|Any CPU.Build.0 = Release|Any CPU
		{A18DF447-CDEA-435E-B167-7FEE6245F892}.Release|ARM.ActiveCfg = Release|Any CPU
		{A18DF447-CDEA-435E-B167-7FEE6245F892}.Release|ARM.Build.0 = Release|Any CPU
		{A18DF447-CDEA-435E-B167-7FEE6245F892}.Release|ARM64.ActiveCfg = Release|Any CPU
		{A18DF447-CDEA-435E-B167-7FEE6245F892}.Release|ARM64.Build.0 = Release|Any CPU
		{A18DF447-CDEA-435E-B167-7FEE6245F892}.Release|x64.ActiveCfg = Release|Any CPU
		{A18DF447-CDEA-435E-B167-7FEE6245F892}.Release|x64.Build.0 = Release|Any CPU
		{A18DF447-CDEA-435E-B167-7FEE6245F892}.Release|x86.ActiveCfg = Release|Any CPU
		{A18DF447-CDEA-435E-B167-7FEE6245F892}.Release|x86.Build.0 = Release|Any CPU
	EndGlobalSection
	GlobalSection(SolutionProperties) = preSolution
		HideSolutionNode = FALSE
	EndGlobalSection
	GlobalSection(ExtensibilityGlobals) = postSolution
		SolutionGuid = {825BFE4B-FCED-4AB5-97C9-A83C7E71B77B}
	EndGlobalSection
EndGlobal
